
Microsoft Visual Studio Solution File, Format Version 12.00
# Visual Studio Version 17
VisualStudioVersion = 17.14.36429.23
MinimumVisualStudioVersion = 10.0.40219.1
Project("{FAE04EC0-301F-11D3-BF4B-00C04F79EFBC}") = "EVDMS.API", "EVDMS.API\EVDMS.API.csproj", "{92CD2FF7-08B9-46C3-BB20-B2E133744861}"
EndProject
Project("{FAE04EC0-301F-11D3-BF4B-00C04F79EFBC}") = "EVDMS.Common", "EVDMS.Common\EVDMS.Common.csproj", "{1DD9AADF-A3C9-4F52-9E25-CD5A56F0B368}"
EndProject
Project("{FAE04EC0-301F-11D3-BF4B-00C04F79EFBC}") = "EVDMS.DataAccessLayer", "EVDMS.DataAccessLayer\EVDMS.DataAccessLayer.csproj", "{06443EC0-AC17-4E15-8E32-FEA15661589F}"
EndProject
Project("{FAE04EC0-301F-11D3-BF4B-00C04F79EFBC}") = "EVDMS.BusinessLogicLayer", "EVDMS.BusinessLogicLayer\EVDMS.BusinessLogicLayer.csproj", "{7BE5773C-A2C1-4B9F-9444-EEA6D6FFBEB7}"
EndProject
Global
	GlobalSection(SolutionConfigurationPlatforms) = preSolution
		Debug|Any CPU = Debug|Any CPU
		Release|Any CPU = Release|Any CPU
	EndGlobalSection
	GlobalSection(ProjectConfigurationPlatforms) = postSolution
		{92CD2FF7-08B9-46C3-BB20-B2E133744861}.Debug|Any CPU.ActiveCfg = Debug|Any CPU
		{92CD2FF7-08B9-46C3-BB20-B2E133744861}.Debug|Any CPU.Build.0 = Debug|Any CPU
		{92CD2FF7-08B9-46C3-BB20-B2E133744861}.Release|Any CPU.ActiveCfg = Release|Any CPU
		{92CD2FF7-08B9-46C3-BB20-B2E133744861}.Release|Any CPU.Build.0 = Release|Any CPU
		{1DD9AADF-A3C9-4F52-9E25-CD5A56F0B368}.Debug|Any CPU.ActiveCfg = Debug|Any CPU
		{1DD9AADF-A3C9-4F52-9E25-CD5A56F0B368}.Debug|Any CPU.Build.0 = Debug|Any CPU
		{1DD9AADF-A3C9-4F52-9E25-CD5A56F0B368}.Release|Any CPU.ActiveCfg = Release|Any CPU
		{1DD9AADF-A3C9-4F52-9E25-CD5A56F0B368}.Release|Any CPU.Build.0 = Release|Any CPU
		{06443EC0-AC17-4E15-8E32-FEA15661589F}.Debug|Any CPU.ActiveCfg = Debug|Any CPU
		{06443EC0-AC17-4E15-8E32-FEA15661589F}.Debug|Any CPU.Build.0 = Debug|Any CPU
		{06443EC0-AC17-4E15-8E32-FEA15661589F}.Release|Any CPU.ActiveCfg = Release|Any CPU
		{06443EC0-AC17-4E15-8E32-FEA15661589F}.Release|Any CPU.Build.0 = Release|Any CPU
		{7BE5773C-A2C1-4B9F-9444-EEA6D6FFBEB7}.Debug|Any CPU.ActiveCfg = Debug|Any CPU
		{7BE5773C-A2C1-4B9F-9444-EEA6D6FFBEB7}.Debug|Any CPU.Build.0 = Debug|Any CPU
		{7BE5773C-A2C1-4B9F-9444-EEA6D6FFBEB7}.Release|Any CPU.ActiveCfg = Release|Any CPU
		{7BE5773C-A2C1-4B9F-9444-EEA6D6FFBEB7}.Release|Any CPU.Build.0 = Release|Any CPU
	EndGlobalSection
	GlobalSection(SolutionProperties) = preSolution
		HideSolutionNode = FALSE
	EndGlobalSection
	GlobalSection(ExtensibilityGlobals) = postSolution
		SolutionGuid = {86ECDD9F-071A-432C-A501-28C561442FF5}
	EndGlobalSection
EndGlobal
