
Microsoft Visual Studio Solution File, Format Version 12.00
# Visual Studio Version 17
VisualStudioVersion = 17.14.36429.23
MinimumVisualStudioVersion = 10.0.40219.1
Project("{FAE04EC0-301F-11D3-BF4B-00C04F79EFBC}") = "EVDMS.Common", "src\EVDMS.Common\EVDMS.Common.csproj", "{52483023-BAD2-4DFC-B79A-9B10F0EE8CC4}"
EndProject
Project("{FAE04EC0-301F-11D3-BF4B-00C04F79EFBC}") = "EVDMS.API", "src\EVDMS.API\EVDMS.API.csproj", "{B61C6A4C-2B23-4E28-98C1-D338CF5E84CB}"
EndProject
Project("{FAE04EC0-301F-11D3-BF4B-00C04F79EFBC}") = "EVDMS.BusinessLogicLayer", "src\EVDMS.BusinessLogicLayer\EVDMS.BusinessLogicLayer.csproj", "{2AED86BA-F182-4F7E-ABB9-2451127F526A}"
EndProject
Project("{FAE04EC0-301F-11D3-BF4B-00C04F79EFBC}") = "EVDMS.DataAccessLayer", "src\EVDMS.DataAccessLayer\EVDMS.DataAccessLayer.csproj", "{A4732B2F-90E8-41D0-B5F3-D323FBFBF76C}"
EndProject
Global
	GlobalSection(SolutionConfigurationPlatforms) = preSolution
		Debug|Any CPU = Debug|Any CPU
		Debug|x64 = Debug|x64
		Debug|x86 = Debug|x86
		Release|Any CPU = Release|Any CPU
		Release|x64 = Release|x64
		Release|x86 = Release|x86
	EndGlobalSection
	GlobalSection(ProjectConfigurationPlatforms) = postSolution
		{52483023-BAD2-4DFC-B79A-9B10F0EE8CC4}.Debug|Any CPU.ActiveCfg = Debug|Any CPU
		{52483023-BAD2-4DFC-B79A-9B10F0EE8CC4}.Debug|Any CPU.Build.0 = Debug|Any CPU
		{52483023-BAD2-4DFC-B79A-9B10F0EE8CC4}.Debug|x64.ActiveCfg = Debug|Any CPU
		{52483023-BAD2-4DFC-B79A-9B10F0EE8CC4}.Debug|x64.Build.0 = Debug|Any CPU
		{52483023-BAD2-4DFC-B79A-9B10F0EE8CC4}.Debug|x86.ActiveCfg = Debug|Any CPU
		{52483023-BAD2-4DFC-B79A-9B10F0EE8CC4}.Debug|x86.Build.0 = Debug|Any CPU
		{52483023-BAD2-4DFC-B79A-9B10F0EE8CC4}.Release|Any CPU.ActiveCfg = Release|Any CPU
		{52483023-BAD2-4DFC-B79A-9B10F0EE8CC4}.Release|Any CPU.Build.0 = Release|Any CPU
		{52483023-BAD2-4DFC-B79A-9B10F0EE8CC4}.Release|x64.ActiveCfg = Release|Any CPU
		{52483023-BAD2-4DFC-B79A-9B10F0EE8CC4}.Release|x64.Build.0 = Release|Any CPU
		{52483023-BAD2-4DFC-B79A-9B10F0EE8CC4}.Release|x86.ActiveCfg = Release|Any CPU
		{52483023-BAD2-4DFC-B79A-9B10F0EE8CC4}.Release|x86.Build.0 = Release|Any CPU
		{B61C6A4C-2B23-4E28-98C1-D338CF5E84CB}.Debug|Any CPU.ActiveCfg = Debug|Any CPU
		{B61C6A4C-2B23-4E28-98C1-D338CF5E84CB}.Debug|Any CPU.Build.0 = Debug|Any CPU
		{B61C6A4C-2B23-4E28-98C1-D338CF5E84CB}.Debug|x64.ActiveCfg = Debug|Any CPU
		{B61C6A4C-2B23-4E28-98C1-D338CF5E84CB}.Debug|x64.Build.0 = Debug|Any CPU
		{B61C6A4C-2B23-4E28-98C1-D338CF5E84CB}.Debug|x86.ActiveCfg = Debug|Any CPU
		{B61C6A4C-2B23-4E28-98C1-D338CF5E84CB}.Debug|x86.Build.0 = Debug|Any CPU
		{B61C6A4C-2B23-4E28-98C1-D338CF5E84CB}.Release|Any CPU.ActiveCfg = Release|Any CPU
		{B61C6A4C-2B23-4E28-98C1-D338CF5E84CB}.Release|Any CPU.Build.0 = Release|Any CPU
		{B61C6A4C-2B23-4E28-98C1-D338CF5E84CB}.Release|x64.ActiveCfg = Release|Any CPU
		{B61C6A4C-2B23-4E28-98C1-D338CF5E84CB}.Release|x64.Build.0 = Release|Any CPU
		{B61C6A4C-2B23-4E28-98C1-D338CF5E84CB}.Release|x86.ActiveCfg = Release|Any CPU
		{B61C6A4C-2B23-4E28-98C1-D338CF5E84CB}.Release|x86.Build.0 = Release|Any CPU
		{2AED86BA-F182-4F7E-ABB9-2451127F526A}.Debug|Any CPU.ActiveCfg = Debug|Any CPU
		{2AED86BA-F182-4F7E-ABB9-2451127F526A}.Debug|Any CPU.Build.0 = Debug|Any CPU
		{2AED86BA-F182-4F7E-ABB9-2451127F526A}.Debug|x64.ActiveCfg = Debug|Any CPU
		{2AED86BA-F182-4F7E-ABB9-2451127F526A}.Debug|x64.Build.0 = Debug|Any CPU
		{2AED86BA-F182-4F7E-ABB9-2451127F526A}.Debug|x86.ActiveCfg = Debug|Any CPU
		{2AED86BA-F182-4F7E-ABB9-2451127F526A}.Debug|x86.Build.0 = Debug|Any CPU
		{2AED86BA-F182-4F7E-ABB9-2451127F526A}.Release|Any CPU.ActiveCfg = Release|Any CPU
		{2AED86BA-F182-4F7E-ABB9-2451127F526A}.Release|Any CPU.Build.0 = Release|Any CPU
		{2AED86BA-F182-4F7E-ABB9-2451127F526A}.Release|x64.ActiveCfg = Release|Any CPU
		{2AED86BA-F182-4F7E-ABB9-2451127F526A}.Release|x64.Build.0 = Release|Any CPU
		{2AED86BA-F182-4F7E-ABB9-2451127F526A}.Release|x86.ActiveCfg = Release|Any CPU
		{2AED86BA-F182-4F7E-ABB9-2451127F526A}.Release|x86.Build.0 = Release|Any CPU
		{A4732B2F-90E8-41D0-B5F3-D323FBFBF76C}.Debug|Any CPU.ActiveCfg = Debug|Any CPU
		{A4732B2F-90E8-41D0-B5F3-D323FBFBF76C}.Debug|Any CPU.Build.0 = Debug|Any CPU
		{A4732B2F-90E8-41D0-B5F3-D323FBFBF76C}.Debug|x64.ActiveCfg = Debug|Any CPU
		{A4732B2F-90E8-41D0-B5F3-D323FBFBF76C}.Debug|x64.Build.0 = Debug|Any CPU
		{A4732B2F-90E8-41D0-B5F3-D323FBFBF76C}.Debug|x86.ActiveCfg = Debug|Any CPU
		{A4732B2F-90E8-41D0-B5F3-D323FBFBF76C}.Debug|x86.Build.0 = Debug|Any CPU
		{A4732B2F-90E8-41D0-B5F3-D323FBFBF76C}.Release|Any CPU.ActiveCfg = Release|Any CPU
		{A4732B2F-90E8-41D0-B5F3-D323FBFBF76C}.Release|Any CPU.Build.0 = Release|Any CPU
		{A4732B2F-90E8-41D0-B5F3-D323FBFBF76C}.Release|x64.ActiveCfg = Release|Any CPU
		{A4732B2F-90E8-41D0-B5F3-D323FBFBF76C}.Release|x64.Build.0 = Release|Any CPU
		{A4732B2F-90E8-41D0-B5F3-D323FBFBF76C}.Release|x86.ActiveCfg = Release|Any CPU
		{A4732B2F-90E8-41D0-B5F3-D323FBFBF76C}.Release|x86.Build.0 = Release|Any CPU
	EndGlobalSection
	GlobalSection(SolutionProperties) = preSolution
		HideSolutionNode = FALSE
	EndGlobalSection
	GlobalSection(NestedProjects) = preSolution
		{52483023-BAD2-4DFC-B79A-9B10F0EE8CC4} = {827E0CD3-B72D-47B6-A68D-7590B98EB39B}
		{B61C6A4C-2B23-4E28-98C1-D338CF5E84CB} = {827E0CD3-B72D-47B6-A68D-7590B98EB39B}
		{2AED86BA-F182-4F7E-ABB9-2451127F526A} = {827E0CD3-B72D-47B6-A68D-7590B98EB39B}
		{A4732B2F-90E8-41D0-B5F3-D323FBFBF76C} = {827E0CD3-B72D-47B6-A68D-7590B98EB39B}
	EndGlobalSection
	GlobalSection(ExtensibilityGlobals) = postSolution
		SolutionGuid = {86ECDD9F-071A-432C-A501-28C561442FF5}
	EndGlobalSection
EndGlobal
