
Microsoft Visual Studio Solution File, Format Version 12.00
# Visual Studio Version 17
VisualStudioVersion = 17.14.36429.23
MinimumVisualStudioVersion = 10.0.40219.1
Project("{FAE04EC0-301F-11D3-BF4B-00C04F79EFBC}") = "EVDMS.Common", "src\EVDMS.Common\EVDMS.Common.csproj", "{52483023-BAD2-4DFC-B79A-9B10F0EE8CC4}"
EndProject
Project("{FAE04EC0-301F-11D3-BF4B-00C04F79EFBC}") = "EVDMS.API", "src\EVDMS.API\EVDMS.API.csproj", "{B61C6A4C-2B23-4E28-98C1-D338CF5E84CB}"
EndProject
Project("{FAE04EC0-301F-11D3-BF4B-00C04F79EFBC}") = "EVDMS.BusinessLogicLayer", "src\EVDMS.BusinessLogicLayer\EVDMS.BusinessLogicLayer.csproj", "{2AED86BA-F182-4F7E-ABB9-2451127F526A}"
EndProject
Project("{FAE04EC0-301F-11D3-BF4B-00C04F79EFBC}") = "EVDMS.DataAccessLayer", "src\EVDMS.DataAccessLayer\EVDMS.DataAccessLayer.csproj", "{A4732B2F-90E8-41D0-B5F3-D323FBFBF76C}"
EndProject
Project("{FAE04EC0-301F-11D3-BF4B-00C04F79EFBC}") = "EVDMS.Common.Tests", "tests\EVDMS.Common.Tests\EVDMS.Common.Tests.csproj", "{766BF2BA-BF82-4725-AC38-A2CAB0104F60}"
EndProject
Project("{FAE04EC0-301F-11D3-BF4B-00C04F79EFBC}") = "EVDMS.DataAccessLayer.Tests", "tests\EVDMS.DataAccessLayer.Tests\EVDMS.DataAccessLayer.Tests.csproj", "{5EA894E9-79D2-48BB-A198-3705ADA6CE05}"
EndProject
Project("{FAE04EC0-301F-11D3-BF4B-00C04F79EFBC}") = "EVDMS.BusinessLogicLayer.Tests", "tests\EVDMS.BusinessLogicLayer.Tests\EVDMS.BusinessLogicLayer.Tests.csproj", "{F4A170CA-270F-4D13-8895-6E26DDC9C61B}"
EndProject
Project("{FAE04EC0-301F-11D3-BF4B-00C04F79EFBC}") = "EVDMS.API.Tests", "tests\EVDMS.API.Tests\EVDMS.API.Tests.csproj", "{E8DFCB99-039A-4E7C-B9EA-3C0D89600E11}"
EndProject
Global
	GlobalSection(SolutionConfigurationPlatforms) = preSolution
		Debug|Any CPU = Debug|Any CPU
		Debug|x64 = Debug|x64
		Debug|x86 = Debug|x86
		Release|Any CPU = Release|Any CPU
		Release|x64 = Release|x64
		Release|x86 = Release|x86
	EndGlobalSection
	GlobalSection(ProjectConfigurationPlatforms) = postSolution
		{52483023-BAD2-4DFC-B79A-9B10F0EE8CC4}.Debug|Any CPU.ActiveCfg = Debug|Any CPU
		{52483023-BAD2-4DFC-B79A-9B10F0EE8CC4}.Debug|Any CPU.Build.0 = Debug|Any CPU
		{52483023-BAD2-4DFC-B79A-9B10F0EE8CC4}.Debug|x64.ActiveCfg = Debug|Any CPU
		{52483023-BAD2-4DFC-B79A-9B10F0EE8CC4}.Debug|x64.Build.0 = Debug|Any CPU
		{52483023-BAD2-4DFC-B79A-9B10F0EE8CC4}.Debug|x86.ActiveCfg = Debug|Any CPU
		{52483023-BAD2-4DFC-B79A-9B10F0EE8CC4}.Debug|x86.Build.0 = Debug|Any CPU
		{52483023-BAD2-4DFC-B79A-9B10F0EE8CC4}.Release|Any CPU.ActiveCfg = Release|Any CPU
		{52483023-BAD2-4DFC-B79A-9B10F0EE8CC4}.Release|Any CPU.Build.0 = Release|Any CPU
		{52483023-BAD2-4DFC-B79A-9B10F0EE8CC4}.Release|x64.ActiveCfg = Release|Any CPU
		{52483023-BAD2-4DFC-B79A-9B10F0EE8CC4}.Release|x64.Build.0 = Release|Any CPU
		{52483023-BAD2-4DFC-B79A-9B10F0EE8CC4}.Release|x86.ActiveCfg = Release|Any CPU
		{52483023-BAD2-4DFC-B79A-9B10F0EE8CC4}.Release|x86.Build.0 = Release|Any CPU
		{B61C6A4C-2B23-4E28-98C1-D338CF5E84CB}.Debug|Any CPU.ActiveCfg = Debug|Any CPU
		{B61C6A4C-2B23-4E28-98C1-D338CF5E84CB}.Debug|Any CPU.Build.0 = Debug|Any CPU
		{B61C6A4C-2B23-4E28-98C1-D338CF5E84CB}.Debug|x64.ActiveCfg = Debug|Any CPU
		{B61C6A4C-2B23-4E28-98C1-D338CF5E84CB}.Debug|x64.Build.0 = Debug|Any CPU
		{B61C6A4C-2B23-4E28-98C1-D338CF5E84CB}.Debug|x86.ActiveCfg = Debug|Any CPU
		{B61C6A4C-2B23-4E28-98C1-D338CF5E84CB}.Debug|x86.Build.0 = Debug|Any CPU
		{B61C6A4C-2B23-4E28-98C1-D338CF5E84CB}.Release|Any CPU.ActiveCfg = Release|Any CPU
		{B61C6A4C-2B23-4E28-98C1-D338CF5E84CB}.Release|Any CPU.Build.0 = Release|Any CPU
		{B61C6A4C-2B23-4E28-98C1-D338CF5E84CB}.Release|x64.ActiveCfg = Release|Any CPU
		{B61C6A4C-2B23-4E28-98C1-D338CF5E84CB}.Release|x64.Build.0 = Release|Any CPU
		{B61C6A4C-2B23-4E28-98C1-D338CF5E84CB}.Release|x86.ActiveCfg = Release|Any CPU
		{B61C6A4C-2B23-4E28-98C1-D338CF5E84CB}.Release|x86.Build.0 = Release|Any CPU
		{2AED86BA-F182-4F7E-ABB9-2451127F526A}.Debug|Any CPU.ActiveCfg = Debug|Any CPU
		{2AED86BA-F182-4F7E-ABB9-2451127F526A}.Debug|Any CPU.Build.0 = Debug|Any CPU
		{2AED86BA-F182-4F7E-ABB9-2451127F526A}.Debug|x64.ActiveCfg = Debug|Any CPU
		{2AED86BA-F182-4F7E-ABB9-2451127F526A}.Debug|x64.Build.0 = Debug|Any CPU
		{2AED86BA-F182-4F7E-ABB9-2451127F526A}.Debug|x86.ActiveCfg = Debug|Any CPU
		{2AED86BA-F182-4F7E-ABB9-2451127F526A}.Debug|x86.Build.0 = Debug|Any CPU
		{2AED86BA-F182-4F7E-ABB9-2451127F526A}.Release|Any CPU.ActiveCfg = Release|Any CPU
		{2AED86BA-F182-4F7E-ABB9-2451127F526A}.Release|Any CPU.Build.0 = Release|Any CPU
		{2AED86BA-F182-4F7E-ABB9-2451127F526A}.Release|x64.ActiveCfg = Release|Any CPU
		{2AED86BA-F182-4F7E-ABB9-2451127F526A}.Release|x64.Build.0 = Release|Any CPU
		{2AED86BA-F182-4F7E-ABB9-2451127F526A}.Release|x86.ActiveCfg = Release|Any CPU
		{2AED86BA-F182-4F7E-ABB9-2451127F526A}.Release|x86.Build.0 = Release|Any CPU
		{A4732B2F-90E8-41D0-B5F3-D323FBFBF76C}.Debug|Any CPU.ActiveCfg = Debug|Any CPU
		{A4732B2F-90E8-41D0-B5F3-D323FBFBF76C}.Debug|Any CPU.Build.0 = Debug|Any CPU
		{A4732B2F-90E8-41D0-B5F3-D323FBFBF76C}.Debug|x64.ActiveCfg = Debug|Any CPU
		{A4732B2F-90E8-41D0-B5F3-D323FBFBF76C}.Debug|x64.Build.0 = Debug|Any CPU
		{A4732B2F-90E8-41D0-B5F3-D323FBFBF76C}.Debug|x86.ActiveCfg = Debug|Any CPU
		{A4732B2F-90E8-41D0-B5F3-D323FBFBF76C}.Debug|x86.Build.0 = Debug|Any CPU
		{A4732B2F-90E8-41D0-B5F3-D323FBFBF76C}.Release|Any CPU.ActiveCfg = Release|Any CPU
		{A4732B2F-90E8-41D0-B5F3-D323FBFBF76C}.Release|Any CPU.Build.0 = Release|Any CPU
		{A4732B2F-90E8-41D0-B5F3-D323FBFBF76C}.Release|x64.ActiveCfg = Release|Any CPU
		{A4732B2F-90E8-41D0-B5F3-D323FBFBF76C}.Release|x64.Build.0 = Release|Any CPU
		{A4732B2F-90E8-41D0-B5F3-D323FBFBF76C}.Release|x86.ActiveCfg = Release|Any CPU
		{A4732B2F-90E8-41D0-B5F3-D323FBFBF76C}.Release|x86.Build.0 = Release|Any CPU
		{766BF2BA-BF82-4725-AC38-A2CAB0104F60}.Debug|Any CPU.ActiveCfg = Debug|Any CPU
		{766BF2BA-BF82-4725-AC38-A2CAB0104F60}.Debug|Any CPU.Build.0 = Debug|Any CPU
		{766BF2BA-BF82-4725-AC38-A2CAB0104F60}.Debug|x64.ActiveCfg = Debug|Any CPU
		{766BF2BA-BF82-4725-AC38-A2CAB0104F60}.Debug|x64.Build.0 = Debug|Any CPU
		{766BF2BA-BF82-4725-AC38-A2CAB0104F60}.Debug|x86.ActiveCfg = Debug|Any CPU
		{766BF2BA-BF82-4725-AC38-A2CAB0104F60}.Debug|x86.Build.0 = Debug|Any CPU
		{766BF2BA-BF82-4725-AC38-A2CAB0104F60}.Release|Any CPU.ActiveCfg = Release|Any CPU
		{766BF2BA-BF82-4725-AC38-A2CAB0104F60}.Release|Any CPU.Build.0 = Release|Any CPU
		{766BF2BA-BF82-4725-AC38-A2CAB0104F60}.Release|x64.ActiveCfg = Release|Any CPU
		{766BF2BA-BF82-4725-AC38-A2CAB0104F60}.Release|x64.Build.0 = Release|Any CPU
		{766BF2BA-BF82-4725-AC38-A2CAB0104F60}.Release|x86.ActiveCfg = Release|Any CPU
		{766BF2BA-BF82-4725-AC38-A2CAB0104F60}.Release|x86.Build.0 = Release|Any CPU
		{5EA894E9-79D2-48BB-A198-3705ADA6CE05}.Debug|Any CPU.ActiveCfg = Debug|Any CPU
		{5EA894E9-79D2-48BB-A198-3705ADA6CE05}.Debug|Any CPU.Build.0 = Debug|Any CPU
		{5EA894E9-79D2-48BB-A198-3705ADA6CE05}.Debug|x64.ActiveCfg = Debug|Any CPU
		{5EA894E9-79D2-48BB-A198-3705ADA6CE05}.Debug|x64.Build.0 = Debug|Any CPU
		{5EA894E9-79D2-48BB-A198-3705ADA6CE05}.Debug|x86.ActiveCfg = Debug|Any CPU
		{5EA894E9-79D2-48BB-A198-3705ADA6CE05}.Debug|x86.Build.0 = Debug|Any CPU
		{5EA894E9-79D2-48BB-A198-3705ADA6CE05}.Release|Any CPU.ActiveCfg = Release|Any CPU
		{5EA894E9-79D2-48BB-A198-3705ADA6CE05}.Release|Any CPU.Build.0 = Release|Any CPU
		{5EA894E9-79D2-48BB-A198-3705ADA6CE05}.Release|x64.ActiveCfg = Release|Any CPU
		{5EA894E9-79D2-48BB-A198-3705ADA6CE05}.Release|x64.Build.0 = Release|Any CPU
		{5EA894E9-79D2-48BB-A198-3705ADA6CE05}.Release|x86.ActiveCfg = Release|Any CPU
		{5EA894E9-79D2-48BB-A198-3705ADA6CE05}.Release|x86.Build.0 = Release|Any CPU
		{F4A170CA-270F-4D13-8895-6E26DDC9C61B}.Debug|Any CPU.ActiveCfg = Debug|Any CPU
		{F4A170CA-270F-4D13-8895-6E26DDC9C61B}.Debug|Any CPU.Build.0 = Debug|Any CPU
		{F4A170CA-270F-4D13-8895-6E26DDC9C61B}.Debug|x64.ActiveCfg = Debug|Any CPU
		{F4A170CA-270F-4D13-8895-6E26DDC9C61B}.Debug|x64.Build.0 = Debug|Any CPU
		{F4A170CA-270F-4D13-8895-6E26DDC9C61B}.Debug|x86.ActiveCfg = Debug|Any CPU
		{F4A170CA-270F-4D13-8895-6E26DDC9C61B}.Debug|x86.Build.0 = Debug|Any CPU
		{F4A170CA-270F-4D13-8895-6E26DDC9C61B}.Release|Any CPU.ActiveCfg = Release|Any CPU
		{F4A170CA-270F-4D13-8895-6E26DDC9C61B}.Release|Any CPU.Build.0 = Release|Any CPU
		{F4A170CA-270F-4D13-8895-6E26DDC9C61B}.Release|x64.ActiveCfg = Release|Any CPU
		{F4A170CA-270F-4D13-8895-6E26DDC9C61B}.Release|x64.Build.0 = Release|Any CPU
		{F4A170CA-270F-4D13-8895-6E26DDC9C61B}.Release|x86.ActiveCfg = Release|Any CPU
		{F4A170CA-270F-4D13-8895-6E26DDC9C61B}.Release|x86.Build.0 = Release|Any CPU
		{E8DFCB99-039A-4E7C-B9EA-3C0D89600E11}.Debug|Any CPU.ActiveCfg = Debug|Any CPU
		{E8DFCB99-039A-4E7C-B9EA-3C0D89600E11}.Debug|Any CPU.Build.0 = Debug|Any CPU
		{E8DFCB99-039A-4E7C-B9EA-3C0D89600E11}.Debug|x64.ActiveCfg = Debug|Any CPU
		{E8DFCB99-039A-4E7C-B9EA-3C0D89600E11}.Debug|x64.Build.0 = Debug|Any CPU
		{E8DFCB99-039A-4E7C-B9EA-3C0D89600E11}.Debug|x86.ActiveCfg = Debug|Any CPU
		{E8DFCB99-039A-4E7C-B9EA-3C0D89600E11}.Debug|x86.Build.0 = Debug|Any CPU
		{E8DFCB99-039A-4E7C-B9EA-3C0D89600E11}.Release|Any CPU.ActiveCfg = Release|Any CPU
		{E8DFCB99-039A-4E7C-B9EA-3C0D89600E11}.Release|Any CPU.Build.0 = Release|Any CPU
		{E8DFCB99-039A-4E7C-B9EA-3C0D89600E11}.Release|x64.ActiveCfg = Release|Any CPU
		{E8DFCB99-039A-4E7C-B9EA-3C0D89600E11}.Release|x64.Build.0 = Release|Any CPU
		{E8DFCB99-039A-4E7C-B9EA-3C0D89600E11}.Release|x86.ActiveCfg = Release|Any CPU
		{E8DFCB99-039A-4E7C-B9EA-3C0D89600E11}.Release|x86.Build.0 = Release|Any CPU
	EndGlobalSection
	GlobalSection(SolutionProperties) = preSolution
		HideSolutionNode = FALSE
	EndGlobalSection
	GlobalSection(ExtensibilityGlobals) = postSolution
		SolutionGuid = {86ECDD9F-071A-432C-A501-28C561442FF5}
	EndGlobalSection
EndGlobal
